
Microsoft Visual Studio Solution File, Format Version 12.00
# Visual Studio 14
VisualStudioVersion = 14.0.23107.0
MinimumVisualStudioVersion = 10.0.40219.1
Project("{2150E333-8FDC-42A3-9474-1A3956D46DE8}") = "Launcher", "Launcher", "{A16D4805-7C47-41E6-8BA3-E511074860BC}"
EndProject
Project("{2150E333-8FDC-42A3-9474-1A3956D46DE8}") = "Game", "Game", "{F2EFF30B-6D55-4B1D-95E6-8E58A119C237}"
EndProject
Project("{2150E333-8FDC-42A3-9474-1A3956D46DE8}") = "Loader", "Loader", "{DE57ADC1-F5D7-409E-8DF8-B4BD0B9D0733}"
EndProject
Project("{2150E333-8FDC-42A3-9474-1A3956D46DE8}") = "Core", "Core", "{7B94B203-4682-4274-BC23-A7ECCD1B18D7}"
EndProject
Project("{FAE04EC0-301F-11D3-BF4B-00C04F79EFBC}") = "Launcher_Client", "Launcher_Client\Launcher_Client.csproj", "{FB768BBE-B1EC-4084-A18B-C8B4C7031A78}"
EndProject
Project("{FAE04EC0-301F-11D3-BF4B-00C04F79EFBC}") = "Launcher_Server", "Launcher_Server\Launcher_Server.csproj", "{79F1FA4E-BEE1-4540-BDEB-D44117C39446}"
EndProject
Project("{FAE04EC0-301F-11D3-BF4B-00C04F79EFBC}") = "Core_Client", "Core_Client\Core_Client.csproj", "{C59B3A81-3877-4915-BD11-9F369D495D5C}"
EndProject
Project("{FAE04EC0-301F-11D3-BF4B-00C04F79EFBC}") = "Core_Server", "Core_Server\Core_Server.csproj", "{86A7AD29-3213-4AE2-98D4-CB99B38C1D81}"
EndProject
Project("{FAE04EC0-301F-11D3-BF4B-00C04F79EFBC}") = "Loader_Client", "Loader_Client\Loader_Client.csproj", "{FEC70BB8-B4C6-4042-BACC-0D7C884852B6}"
EndProject
Project("{FAE04EC0-301F-11D3-BF4B-00C04F79EFBC}") = "Loader_Server", "Loader_Server\Loader_Server.csproj", "{A19ABB86-9F54-44E5-A1F3-C0EA4766C0E1}"
EndProject
Global
	GlobalSection(SolutionConfigurationPlatforms) = preSolution
		Debug|Any CPU = Debug|Any CPU
		Release|Any CPU = Release|Any CPU
	EndGlobalSection
	GlobalSection(ProjectConfigurationPlatforms) = postSolution
		{FB768BBE-B1EC-4084-A18B-C8B4C7031A78}.Debug|Any CPU.ActiveCfg = Debug|Any CPU
		{FB768BBE-B1EC-4084-A18B-C8B4C7031A78}.Debug|Any CPU.Build.0 = Debug|Any CPU
		{FB768BBE-B1EC-4084-A18B-C8B4C7031A78}.Release|Any CPU.ActiveCfg = Release|Any CPU
		{FB768BBE-B1EC-4084-A18B-C8B4C7031A78}.Release|Any CPU.Build.0 = Release|Any CPU
		{79F1FA4E-BEE1-4540-BDEB-D44117C39446}.Debug|Any CPU.ActiveCfg = Debug|Any CPU
		{79F1FA4E-BEE1-4540-BDEB-D44117C39446}.Debug|Any CPU.Build.0 = Debug|Any CPU
		{79F1FA4E-BEE1-4540-BDEB-D44117C39446}.Release|Any CPU.ActiveCfg = Release|Any CPU
		{79F1FA4E-BEE1-4540-BDEB-D44117C39446}.Release|Any CPU.Build.0 = Release|Any CPU
		{C59B3A81-3877-4915-BD11-9F369D495D5C}.Debug|Any CPU.ActiveCfg = Debug|Any CPU
		{C59B3A81-3877-4915-BD11-9F369D495D5C}.Debug|Any CPU.Build.0 = Debug|Any CPU
		{C59B3A81-3877-4915-BD11-9F369D495D5C}.Release|Any CPU.ActiveCfg = Release|Any CPU
		{C59B3A81-3877-4915-BD11-9F369D495D5C}.Release|Any CPU.Build.0 = Release|Any CPU
		{86A7AD29-3213-4AE2-98D4-CB99B38C1D81}.Debug|Any CPU.ActiveCfg = Debug|Any CPU
		{86A7AD29-3213-4AE2-98D4-CB99B38C1D81}.Debug|Any CPU.Build.0 = Debug|Any CPU
		{86A7AD29-3213-4AE2-98D4-CB99B38C1D81}.Release|Any CPU.ActiveCfg = Release|Any CPU
		{86A7AD29-3213-4AE2-98D4-CB99B38C1D81}.Release|Any CPU.Build.0 = Release|Any CPU
		{FEC70BB8-B4C6-4042-BACC-0D7C884852B6}.Debug|Any CPU.ActiveCfg = Debug|Any CPU
		{FEC70BB8-B4C6-4042-BACC-0D7C884852B6}.Debug|Any CPU.Build.0 = Debug|Any CPU
		{FEC70BB8-B4C6-4042-BACC-0D7C884852B6}.Release|Any CPU.ActiveCfg = Release|Any CPU
		{FEC70BB8-B4C6-4042-BACC-0D7C884852B6}.Release|Any CPU.Build.0 = Release|Any CPU
		{A19ABB86-9F54-44E5-A1F3-C0EA4766C0E1}.Debug|Any CPU.ActiveCfg = Debug|Any CPU
		{A19ABB86-9F54-44E5-A1F3-C0EA4766C0E1}.Debug|Any CPU.Build.0 = Debug|Any CPU
		{A19ABB86-9F54-44E5-A1F3-C0EA4766C0E1}.Release|Any CPU.ActiveCfg = Release|Any CPU
		{A19ABB86-9F54-44E5-A1F3-C0EA4766C0E1}.Release|Any CPU.Build.0 = Release|Any CPU
	EndGlobalSection
	GlobalSection(SolutionProperties) = preSolution
		HideSolutionNode = FALSE
	EndGlobalSection
	GlobalSection(NestedProjects) = preSolution
		{DE57ADC1-F5D7-409E-8DF8-B4BD0B9D0733} = {F2EFF30B-6D55-4B1D-95E6-8E58A119C237}
		{7B94B203-4682-4274-BC23-A7ECCD1B18D7} = {F2EFF30B-6D55-4B1D-95E6-8E58A119C237}
		{FB768BBE-B1EC-4084-A18B-C8B4C7031A78} = {A16D4805-7C47-41E6-8BA3-E511074860BC}
		{79F1FA4E-BEE1-4540-BDEB-D44117C39446} = {A16D4805-7C47-41E6-8BA3-E511074860BC}
		{C59B3A81-3877-4915-BD11-9F369D495D5C} = {7B94B203-4682-4274-BC23-A7ECCD1B18D7}
		{86A7AD29-3213-4AE2-98D4-CB99B38C1D81} = {7B94B203-4682-4274-BC23-A7ECCD1B18D7}
		{FEC70BB8-B4C6-4042-BACC-0D7C884852B6} = {DE57ADC1-F5D7-409E-8DF8-B4BD0B9D0733}
		{A19ABB86-9F54-44E5-A1F3-C0EA4766C0E1} = {DE57ADC1-F5D7-409E-8DF8-B4BD0B9D0733}
	EndGlobalSection
EndGlobal
