
Microsoft Visual Studio Solution File, Format Version 12.00
# Visual Studio 14
VisualStudioVersion = 14.0.23107.0
MinimumVisualStudioVersion = 10.0.40219.1
Project("{2150E333-8FDC-42A3-9474-1A3956D46DE8}") = "Launcher", "Launcher", "{A16D4805-7C47-41E6-8BA3-E511074860BC}"
EndProject
Project("{2150E333-8FDC-42A3-9474-1A3956D46DE8}") = "Game", "Game", "{F2EFF30B-6D55-4B1D-95E6-8E58A119C237}"
EndProject
Project("{2150E333-8FDC-42A3-9474-1A3956D46DE8}") = "Loader", "Loader", "{DE57ADC1-F5D7-409E-8DF8-B4BD0B9D0733}"
EndProject
Project("{FAE04EC0-301F-11D3-BF4B-00C04F79EFBC}") = "Launcher_Client", "Launcher_Client\Launcher_Client.csproj", "{FB768BBE-B1EC-4084-A18B-C8B4C7031A78}"
EndProject
Project("{FAE04EC0-301F-11D3-BF4B-00C04F79EFBC}") = "Launcher_Server", "Launcher_Server\Launcher_Server.csproj", "{79F1FA4E-BEE1-4540-BDEB-D44117C39446}"
EndProject
Project("{FAE04EC0-301F-11D3-BF4B-00C04F79EFBC}") = "Loader_Client", "Loader_Client\Loader_Client.csproj", "{FEC70BB8-B4C6-4042-BACC-0D7C884852B6}"
EndProject
Project("{FAE04EC0-301F-11D3-BF4B-00C04F79EFBC}") = "Loader_Server", "Loader_Server\Loader_Server.csproj", "{A19ABB86-9F54-44E5-A1F3-C0EA4766C0E1}"
EndProject
Project("{FAE04EC0-301F-11D3-BF4B-00C04F79EFBC}") = "Core", "Core\Core.csproj", "{735F4489-34A6-4B8A-BA1D-082251AA05BA}"
EndProject
Project("{2150E333-8FDC-42A3-9474-1A3956D46DE8}") = "Common", "Common", "{3E78973A-DEE6-4F13-91C5-83E767BEDDC3}"
EndProject
Project("{FAE04EC0-301F-11D3-BF4B-00C04F79EFBC}") = "Common_Helper", "Common_Helper\Common_Helper.csproj", "{820EFC45-2F20-4FAE-8AA2-46927659785C}"
EndProject
Project("{8BC9CEB8-8B4A-11D0-8D11-00A0C91BC942}") = "Shaders", "Shaders\Shaders.vcxproj", "{6C66925D-166A-4DB9-BB42-313C93D2B12A}"
EndProject
Global
	GlobalSection(SolutionConfigurationPlatforms) = preSolution
		Debug|Any CPU = Debug|Any CPU
		Debug|x64 = Debug|x64
		Debug|x86 = Debug|x86
		Release|Any CPU = Release|Any CPU
		Release|x64 = Release|x64
		Release|x86 = Release|x86
	EndGlobalSection
	GlobalSection(ProjectConfigurationPlatforms) = postSolution
		{FB768BBE-B1EC-4084-A18B-C8B4C7031A78}.Debug|Any CPU.ActiveCfg = Debug|Any CPU
		{FB768BBE-B1EC-4084-A18B-C8B4C7031A78}.Debug|Any CPU.Build.0 = Debug|Any CPU
		{FB768BBE-B1EC-4084-A18B-C8B4C7031A78}.Debug|x64.ActiveCfg = Debug|Any CPU
		{FB768BBE-B1EC-4084-A18B-C8B4C7031A78}.Debug|x64.Build.0 = Debug|Any CPU
		{FB768BBE-B1EC-4084-A18B-C8B4C7031A78}.Debug|x86.ActiveCfg = Debug|Any CPU
		{FB768BBE-B1EC-4084-A18B-C8B4C7031A78}.Debug|x86.Build.0 = Debug|Any CPU
		{FB768BBE-B1EC-4084-A18B-C8B4C7031A78}.Release|Any CPU.ActiveCfg = Release|Any CPU
		{FB768BBE-B1EC-4084-A18B-C8B4C7031A78}.Release|Any CPU.Build.0 = Release|Any CPU
		{FB768BBE-B1EC-4084-A18B-C8B4C7031A78}.Release|x64.ActiveCfg = Release|Any CPU
		{FB768BBE-B1EC-4084-A18B-C8B4C7031A78}.Release|x64.Build.0 = Release|Any CPU
		{FB768BBE-B1EC-4084-A18B-C8B4C7031A78}.Release|x86.ActiveCfg = Release|Any CPU
		{FB768BBE-B1EC-4084-A18B-C8B4C7031A78}.Release|x86.Build.0 = Release|Any CPU
		{79F1FA4E-BEE1-4540-BDEB-D44117C39446}.Debug|Any CPU.ActiveCfg = Debug|Any CPU
		{79F1FA4E-BEE1-4540-BDEB-D44117C39446}.Debug|Any CPU.Build.0 = Debug|Any CPU
		{79F1FA4E-BEE1-4540-BDEB-D44117C39446}.Debug|x64.ActiveCfg = Debug|Any CPU
		{79F1FA4E-BEE1-4540-BDEB-D44117C39446}.Debug|x64.Build.0 = Debug|Any CPU
		{79F1FA4E-BEE1-4540-BDEB-D44117C39446}.Debug|x86.ActiveCfg = Debug|Any CPU
		{79F1FA4E-BEE1-4540-BDEB-D44117C39446}.Debug|x86.Build.0 = Debug|Any CPU
		{79F1FA4E-BEE1-4540-BDEB-D44117C39446}.Release|Any CPU.ActiveCfg = Release|Any CPU
		{79F1FA4E-BEE1-4540-BDEB-D44117C39446}.Release|Any CPU.Build.0 = Release|Any CPU
		{79F1FA4E-BEE1-4540-BDEB-D44117C39446}.Release|x64.ActiveCfg = Release|Any CPU
		{79F1FA4E-BEE1-4540-BDEB-D44117C39446}.Release|x64.Build.0 = Release|Any CPU
		{79F1FA4E-BEE1-4540-BDEB-D44117C39446}.Release|x86.ActiveCfg = Release|Any CPU
		{79F1FA4E-BEE1-4540-BDEB-D44117C39446}.Release|x86.Build.0 = Release|Any CPU
		{FEC70BB8-B4C6-4042-BACC-0D7C884852B6}.Debug|Any CPU.ActiveCfg = Debug|Any CPU
		{FEC70BB8-B4C6-4042-BACC-0D7C884852B6}.Debug|Any CPU.Build.0 = Debug|Any CPU
		{FEC70BB8-B4C6-4042-BACC-0D7C884852B6}.Debug|x64.ActiveCfg = Debug|Any CPU
		{FEC70BB8-B4C6-4042-BACC-0D7C884852B6}.Debug|x64.Build.0 = Debug|Any CPU
		{FEC70BB8-B4C6-4042-BACC-0D7C884852B6}.Debug|x86.ActiveCfg = Debug|Any CPU
		{FEC70BB8-B4C6-4042-BACC-0D7C884852B6}.Debug|x86.Build.0 = Debug|Any CPU
		{FEC70BB8-B4C6-4042-BACC-0D7C884852B6}.Release|Any CPU.ActiveCfg = Release|Any CPU
		{FEC70BB8-B4C6-4042-BACC-0D7C884852B6}.Release|Any CPU.Build.0 = Release|Any CPU
		{FEC70BB8-B4C6-4042-BACC-0D7C884852B6}.Release|x64.ActiveCfg = Release|Any CPU
		{FEC70BB8-B4C6-4042-BACC-0D7C884852B6}.Release|x64.Build.0 = Release|Any CPU
		{FEC70BB8-B4C6-4042-BACC-0D7C884852B6}.Release|x86.ActiveCfg = Release|Any CPU
		{FEC70BB8-B4C6-4042-BACC-0D7C884852B6}.Release|x86.Build.0 = Release|Any CPU
		{A19ABB86-9F54-44E5-A1F3-C0EA4766C0E1}.Debug|Any CPU.ActiveCfg = Debug|Any CPU
		{A19ABB86-9F54-44E5-A1F3-C0EA4766C0E1}.Debug|Any CPU.Build.0 = Debug|Any CPU
		{A19ABB86-9F54-44E5-A1F3-C0EA4766C0E1}.Debug|x64.ActiveCfg = Debug|Any CPU
		{A19ABB86-9F54-44E5-A1F3-C0EA4766C0E1}.Debug|x64.Build.0 = Debug|Any CPU
		{A19ABB86-9F54-44E5-A1F3-C0EA4766C0E1}.Debug|x86.ActiveCfg = Debug|Any CPU
		{A19ABB86-9F54-44E5-A1F3-C0EA4766C0E1}.Debug|x86.Build.0 = Debug|Any CPU
		{A19ABB86-9F54-44E5-A1F3-C0EA4766C0E1}.Release|Any CPU.ActiveCfg = Release|Any CPU
		{A19ABB86-9F54-44E5-A1F3-C0EA4766C0E1}.Release|Any CPU.Build.0 = Release|Any CPU
		{A19ABB86-9F54-44E5-A1F3-C0EA4766C0E1}.Release|x64.ActiveCfg = Release|Any CPU
		{A19ABB86-9F54-44E5-A1F3-C0EA4766C0E1}.Release|x64.Build.0 = Release|Any CPU
		{A19ABB86-9F54-44E5-A1F3-C0EA4766C0E1}.Release|x86.ActiveCfg = Release|Any CPU
		{A19ABB86-9F54-44E5-A1F3-C0EA4766C0E1}.Release|x86.Build.0 = Release|Any CPU
		{735F4489-34A6-4B8A-BA1D-082251AA05BA}.Debug|Any CPU.ActiveCfg = Debug|Any CPU
		{735F4489-34A6-4B8A-BA1D-082251AA05BA}.Debug|Any CPU.Build.0 = Debug|Any CPU
		{735F4489-34A6-4B8A-BA1D-082251AA05BA}.Debug|x64.ActiveCfg = Debug|Any CPU
		{735F4489-34A6-4B8A-BA1D-082251AA05BA}.Debug|x64.Build.0 = Debug|Any CPU
		{735F4489-34A6-4B8A-BA1D-082251AA05BA}.Debug|x86.ActiveCfg = Debug|Any CPU
		{735F4489-34A6-4B8A-BA1D-082251AA05BA}.Debug|x86.Build.0 = Debug|Any CPU
		{735F4489-34A6-4B8A-BA1D-082251AA05BA}.Release|Any CPU.ActiveCfg = Release|Any CPU
		{735F4489-34A6-4B8A-BA1D-082251AA05BA}.Release|Any CPU.Build.0 = Release|Any CPU
		{735F4489-34A6-4B8A-BA1D-082251AA05BA}.Release|x64.ActiveCfg = Release|Any CPU
		{735F4489-34A6-4B8A-BA1D-082251AA05BA}.Release|x64.Build.0 = Release|Any CPU
		{735F4489-34A6-4B8A-BA1D-082251AA05BA}.Release|x86.ActiveCfg = Release|Any CPU
		{735F4489-34A6-4B8A-BA1D-082251AA05BA}.Release|x86.Build.0 = Release|Any CPU
		{820EFC45-2F20-4FAE-8AA2-46927659785C}.Debug|Any CPU.ActiveCfg = Debug|Any CPU
		{820EFC45-2F20-4FAE-8AA2-46927659785C}.Debug|Any CPU.Build.0 = Debug|Any CPU
		{820EFC45-2F20-4FAE-8AA2-46927659785C}.Debug|x64.ActiveCfg = Debug|Any CPU
		{820EFC45-2F20-4FAE-8AA2-46927659785C}.Debug|x64.Build.0 = Debug|Any CPU
		{820EFC45-2F20-4FAE-8AA2-46927659785C}.Debug|x86.ActiveCfg = Debug|Any CPU
		{820EFC45-2F20-4FAE-8AA2-46927659785C}.Debug|x86.Build.0 = Debug|Any CPU
		{820EFC45-2F20-4FAE-8AA2-46927659785C}.Release|Any CPU.ActiveCfg = Release|Any CPU
		{820EFC45-2F20-4FAE-8AA2-46927659785C}.Release|Any CPU.Build.0 = Release|Any CPU
		{820EFC45-2F20-4FAE-8AA2-46927659785C}.Release|x64.ActiveCfg = Release|Any CPU
		{820EFC45-2F20-4FAE-8AA2-46927659785C}.Release|x64.Build.0 = Release|Any CPU
		{820EFC45-2F20-4FAE-8AA2-46927659785C}.Release|x86.ActiveCfg = Release|Any CPU
		{820EFC45-2F20-4FAE-8AA2-46927659785C}.Release|x86.Build.0 = Release|Any CPU
		{6C66925D-166A-4DB9-BB42-313C93D2B12A}.Debug|Any CPU.ActiveCfg = Debug|Win32
		{6C66925D-166A-4DB9-BB42-313C93D2B12A}.Debug|x64.ActiveCfg = Debug|x64
		{6C66925D-166A-4DB9-BB42-313C93D2B12A}.Debug|x64.Build.0 = Debug|x64
		{6C66925D-166A-4DB9-BB42-313C93D2B12A}.Debug|x86.ActiveCfg = Debug|Win32
		{6C66925D-166A-4DB9-BB42-313C93D2B12A}.Debug|x86.Build.0 = Debug|Win32
		{6C66925D-166A-4DB9-BB42-313C93D2B12A}.Release|Any CPU.ActiveCfg = Release|Win32
		{6C66925D-166A-4DB9-BB42-313C93D2B12A}.Release|x64.ActiveCfg = Release|x64
		{6C66925D-166A-4DB9-BB42-313C93D2B12A}.Release|x64.Build.0 = Release|x64
		{6C66925D-166A-4DB9-BB42-313C93D2B12A}.Release|x86.ActiveCfg = Release|Win32
		{6C66925D-166A-4DB9-BB42-313C93D2B12A}.Release|x86.Build.0 = Release|Win32
	EndGlobalSection
	GlobalSection(SolutionProperties) = preSolution
		HideSolutionNode = FALSE
	EndGlobalSection
	GlobalSection(NestedProjects) = preSolution
		{DE57ADC1-F5D7-409E-8DF8-B4BD0B9D0733} = {F2EFF30B-6D55-4B1D-95E6-8E58A119C237}
		{FB768BBE-B1EC-4084-A18B-C8B4C7031A78} = {A16D4805-7C47-41E6-8BA3-E511074860BC}
		{79F1FA4E-BEE1-4540-BDEB-D44117C39446} = {A16D4805-7C47-41E6-8BA3-E511074860BC}
		{FEC70BB8-B4C6-4042-BACC-0D7C884852B6} = {DE57ADC1-F5D7-409E-8DF8-B4BD0B9D0733}
		{A19ABB86-9F54-44E5-A1F3-C0EA4766C0E1} = {DE57ADC1-F5D7-409E-8DF8-B4BD0B9D0733}
		{735F4489-34A6-4B8A-BA1D-082251AA05BA} = {F2EFF30B-6D55-4B1D-95E6-8E58A119C237}
		{820EFC45-2F20-4FAE-8AA2-46927659785C} = {3E78973A-DEE6-4F13-91C5-83E767BEDDC3}
		{6C66925D-166A-4DB9-BB42-313C93D2B12A} = {F2EFF30B-6D55-4B1D-95E6-8E58A119C237}
	EndGlobalSection
EndGlobal
